
Microsoft Visual Studio Solution File, Format Version 12.00
# Visual Studio 15
VisualStudioVersion = 15.0.28010.2036
MinimumVisualStudioVersion = 10.0.40219.1
Project("{9A19103F-16F7-4668-BE54-9A1E7A4F7556}") = "netlush_ssr", "netlush_ssr.csproj", "{6A20A8E2-0470-4E73-8A68-5BC9EFA9FF43}"
EndProject
Global
	GlobalSection(SolutionConfigurationPlatforms) = preSolution
		Debug|Any CPU = Debug|Any CPU
		Release|Any CPU = Release|Any CPU
	EndGlobalSection
	GlobalSection(ProjectConfigurationPlatforms) = postSolution
		{6A20A8E2-0470-4E73-8A68-5BC9EFA9FF43}.Debug|Any CPU.ActiveCfg = Debug|Any CPU
		{6A20A8E2-0470-4E73-8A68-5BC9EFA9FF43}.Debug|Any CPU.Build.0 = Debug|Any CPU
		{6A20A8E2-0470-4E73-8A68-5BC9EFA9FF43}.Release|Any CPU.ActiveCfg = Release|Any CPU
		{6A20A8E2-0470-4E73-8A68-5BC9EFA9FF43}.Release|Any CPU.Build.0 = Release|Any CPU
	EndGlobalSection
	GlobalSection(SolutionProperties) = preSolution
		HideSolutionNode = FALSE
	EndGlobalSection
	GlobalSection(ExtensibilityGlobals) = postSolution
		SolutionGuid = {C7BCBFBE-CF80-49F1-89B4-F0810712F417}
	EndGlobalSection
EndGlobal
